
Microsoft Visual Studio Solution File, Format Version 12.00
Project("{2150E333-8FDC-42A3-9474-1A3956D46DE8}") = "Homeworks", "Homeworks", "{88CA8575-B140-48E9-859E-DFE7361006E7}"
EndProject
Project("{2150E333-8FDC-42A3-9474-1A3956D46DE8}") = "Labs", "Labs", "{99976249-30E7-4A7D-A84B-F45346492758}"
EndProject
Project("{FAE04EC0-301F-11D3-BF4B-00C04F79EFBC}") = "Bank_HW_1-2", "Bank_HW_1-2\Bank_HW_1-2.csproj", "{3FB7F46C-421A-421B-9113-DBCD0000C342}"
EndProject
Project("{FAE04EC0-301F-11D3-BF4B-00C04F79EFBC}") = "Lb-1", "Lb-1\Lb-1.csproj", "{0853BF94-AE89-4080-A2FA-7B75FEDD5A58}"
EndProject
Project("{FAE04EC0-301F-11D3-BF4B-00C04F79EFBC}") = "Lb-2", "Lb-2\Lb-2.csproj", "{4700B903-0458-456D-ABC3-112FC91B5A5E}"
EndProject
Project("{FAE04EC0-301F-11D3-BF4B-00C04F79EFBC}") = "Lb-3", "Lb-3\Lb-3.csproj", "{42EE0B78-17E6-41B0-8F5B-1D0181951EBC}"
EndProject
Project("{FAE04EC0-301F-11D3-BF4B-00C04F79EFBC}") = "Lb-4", "Lb-4\Lb-4.csproj", "{579232AF-010D-48E8-86A3-937269F403D7}"
EndProject
Project("{FAE04EC0-301F-11D3-BF4B-00C04F79EFBC}") = "Lb-5", "Lb-5\Lb-5.csproj", "{3D3B623F-6F4A-4794-A397-9C475132D0BB}"
EndProject
Project("{FAE04EC0-301F-11D3-BF4B-00C04F79EFBC}") = "Lb-6", "Lb-6\Lb-6.csproj", "{B8DCFA42-E5DF-49E0-AA5D-94403F9378BA}"
EndProject
Project("{FAE04EC0-301F-11D3-BF4B-00C04F79EFBC}") = "Lb-7", "Lb-7\Lb-7.csproj", "{D83DE961-D888-4083-91E7-F5B4844C00A9}"
EndProject
Project("{FAE04EC0-301F-11D3-BF4B-00C04F79EFBC}") = "Lb-8", "Lb-8\Lb-8.csproj", "{68B4447D-2F0C-4D52-AC7C-A96E2229CF58}"
EndProject
Project("{FAE04EC0-301F-11D3-BF4B-00C04F79EFBC}") = "Lb-8-tests", "Lb-8-tests\Lb-8-tests.csproj", "{D8C00152-A52D-43D3-8725-E4B6151CC5E3}"
EndProject
Project("{FAE04EC0-301F-11D3-BF4B-00C04F79EFBC}") = "Kata", "Kata\Kata.csproj", "{144EA8F8-8968-4FC8-86A1-9573862B5894}"
EndProject
Project("{FAE04EC0-301F-11D3-BF4B-00C04F79EFBC}") = "Lb-9", "Lb-9\Lb-9.csproj", "{D6ABA9B5-E50C-451B-B917-F5240395057F}"
EndProject
Project("{FAE04EC0-301F-11D3-BF4B-00C04F79EFBC}") = "Lb-10", "Lb-10\Lb-10.csproj", "{25621FA9-A5FB-4ADF-8F12-775A865650F0}"
EndProject
Project("{FAE04EC0-301F-11D3-BF4B-00C04F79EFBC}") = "PaternVisitor", "PaternVisitor\PaternVisitor.csproj", "{A2C2BF70-31DD-4E8E-846A-80D23058CE28}"
EndProject
Project("{FAE04EC0-301F-11D3-BF4B-00C04F79EFBC}") = "Lb-11", "Lb-11\Lb-11.csproj", "{1715A09D-2399-4F42-94AB-DDC6026B68F7}"
EndProject
Project("{FAE04EC0-301F-11D3-BF4B-00C04F79EFBC}") = "ZipWork", "ZipWork\ZipWork.csproj", "{BEC940F8-4DC1-4EC1-B017-BC52E465DC3B}"
EndProject
Project("{FAE04EC0-301F-11D3-BF4B-00C04F79EFBC}") = "ZipWork-Test", "ZipWork-Test\ZipWork-Test.csproj", "{F2ECD4D7-1627-47B2-AC17-820BF4555BE9}"
EndProject
Global
	GlobalSection(SolutionConfigurationPlatforms) = preSolution
		Debug|Any CPU = Debug|Any CPU
		Release|Any CPU = Release|Any CPU
	EndGlobalSection
	GlobalSection(NestedProjects) = preSolution
		{3FB7F46C-421A-421B-9113-DBCD0000C342} = {88CA8575-B140-48E9-859E-DFE7361006E7}
		{0853BF94-AE89-4080-A2FA-7B75FEDD5A58} = {99976249-30E7-4A7D-A84B-F45346492758}
		{4700B903-0458-456D-ABC3-112FC91B5A5E} = {99976249-30E7-4A7D-A84B-F45346492758}
		{42EE0B78-17E6-41B0-8F5B-1D0181951EBC} = {99976249-30E7-4A7D-A84B-F45346492758}
		{579232AF-010D-48E8-86A3-937269F403D7} = {99976249-30E7-4A7D-A84B-F45346492758}
		{3D3B623F-6F4A-4794-A397-9C475132D0BB} = {99976249-30E7-4A7D-A84B-F45346492758}
		{B8DCFA42-E5DF-49E0-AA5D-94403F9378BA} = {99976249-30E7-4A7D-A84B-F45346492758}
		{D83DE961-D888-4083-91E7-F5B4844C00A9} = {99976249-30E7-4A7D-A84B-F45346492758}
		{68B4447D-2F0C-4D52-AC7C-A96E2229CF58} = {99976249-30E7-4A7D-A84B-F45346492758}
		{D8C00152-A52D-43D3-8725-E4B6151CC5E3} = {99976249-30E7-4A7D-A84B-F45346492758}
		{144EA8F8-8968-4FC8-86A1-9573862B5894} = {88CA8575-B140-48E9-859E-DFE7361006E7}
		{D6ABA9B5-E50C-451B-B917-F5240395057F} = {99976249-30E7-4A7D-A84B-F45346492758}
		{25621FA9-A5FB-4ADF-8F12-775A865650F0} = {99976249-30E7-4A7D-A84B-F45346492758}
		{A2C2BF70-31DD-4E8E-846A-80D23058CE28} = {99976249-30E7-4A7D-A84B-F45346492758}
		{1715A09D-2399-4F42-94AB-DDC6026B68F7} = {99976249-30E7-4A7D-A84B-F45346492758}
		{BEC940F8-4DC1-4EC1-B017-BC52E465DC3B} = {99976249-30E7-4A7D-A84B-F45346492758}
		{F2ECD4D7-1627-47B2-AC17-820BF4555BE9} = {99976249-30E7-4A7D-A84B-F45346492758}
	EndGlobalSection
	GlobalSection(ProjectConfigurationPlatforms) = postSolution
		{3FB7F46C-421A-421B-9113-DBCD0000C342}.Debug|Any CPU.ActiveCfg = Debug|Any CPU
		{3FB7F46C-421A-421B-9113-DBCD0000C342}.Debug|Any CPU.Build.0 = Debug|Any CPU
		{3FB7F46C-421A-421B-9113-DBCD0000C342}.Release|Any CPU.ActiveCfg = Release|Any CPU
		{3FB7F46C-421A-421B-9113-DBCD0000C342}.Release|Any CPU.Build.0 = Release|Any CPU
		{0853BF94-AE89-4080-A2FA-7B75FEDD5A58}.Debug|Any CPU.ActiveCfg = Debug|Any CPU
		{0853BF94-AE89-4080-A2FA-7B75FEDD5A58}.Debug|Any CPU.Build.0 = Debug|Any CPU
		{0853BF94-AE89-4080-A2FA-7B75FEDD5A58}.Release|Any CPU.ActiveCfg = Release|Any CPU
		{0853BF94-AE89-4080-A2FA-7B75FEDD5A58}.Release|Any CPU.Build.0 = Release|Any CPU
		{4700B903-0458-456D-ABC3-112FC91B5A5E}.Debug|Any CPU.ActiveCfg = Debug|Any CPU
		{4700B903-0458-456D-ABC3-112FC91B5A5E}.Debug|Any CPU.Build.0 = Debug|Any CPU
		{4700B903-0458-456D-ABC3-112FC91B5A5E}.Release|Any CPU.ActiveCfg = Release|Any CPU
		{4700B903-0458-456D-ABC3-112FC91B5A5E}.Release|Any CPU.Build.0 = Release|Any CPU
		{42EE0B78-17E6-41B0-8F5B-1D0181951EBC}.Debug|Any CPU.ActiveCfg = Debug|Any CPU
		{42EE0B78-17E6-41B0-8F5B-1D0181951EBC}.Debug|Any CPU.Build.0 = Debug|Any CPU
		{42EE0B78-17E6-41B0-8F5B-1D0181951EBC}.Release|Any CPU.ActiveCfg = Release|Any CPU
		{42EE0B78-17E6-41B0-8F5B-1D0181951EBC}.Release|Any CPU.Build.0 = Release|Any CPU
		{579232AF-010D-48E8-86A3-937269F403D7}.Debug|Any CPU.ActiveCfg = Debug|Any CPU
		{579232AF-010D-48E8-86A3-937269F403D7}.Debug|Any CPU.Build.0 = Debug|Any CPU
		{579232AF-010D-48E8-86A3-937269F403D7}.Release|Any CPU.ActiveCfg = Release|Any CPU
		{579232AF-010D-48E8-86A3-937269F403D7}.Release|Any CPU.Build.0 = Release|Any CPU
		{3D3B623F-6F4A-4794-A397-9C475132D0BB}.Debug|Any CPU.ActiveCfg = Debug|Any CPU
		{3D3B623F-6F4A-4794-A397-9C475132D0BB}.Debug|Any CPU.Build.0 = Debug|Any CPU
		{3D3B623F-6F4A-4794-A397-9C475132D0BB}.Release|Any CPU.ActiveCfg = Release|Any CPU
		{3D3B623F-6F4A-4794-A397-9C475132D0BB}.Release|Any CPU.Build.0 = Release|Any CPU
		{B8DCFA42-E5DF-49E0-AA5D-94403F9378BA}.Debug|Any CPU.ActiveCfg = Debug|Any CPU
		{B8DCFA42-E5DF-49E0-AA5D-94403F9378BA}.Debug|Any CPU.Build.0 = Debug|Any CPU
		{B8DCFA42-E5DF-49E0-AA5D-94403F9378BA}.Release|Any CPU.ActiveCfg = Release|Any CPU
		{B8DCFA42-E5DF-49E0-AA5D-94403F9378BA}.Release|Any CPU.Build.0 = Release|Any CPU
		{D83DE961-D888-4083-91E7-F5B4844C00A9}.Debug|Any CPU.ActiveCfg = Debug|Any CPU
		{D83DE961-D888-4083-91E7-F5B4844C00A9}.Debug|Any CPU.Build.0 = Debug|Any CPU
		{D83DE961-D888-4083-91E7-F5B4844C00A9}.Release|Any CPU.ActiveCfg = Release|Any CPU
		{D83DE961-D888-4083-91E7-F5B4844C00A9}.Release|Any CPU.Build.0 = Release|Any CPU
		{68B4447D-2F0C-4D52-AC7C-A96E2229CF58}.Debug|Any CPU.ActiveCfg = Debug|Any CPU
		{68B4447D-2F0C-4D52-AC7C-A96E2229CF58}.Debug|Any CPU.Build.0 = Debug|Any CPU
		{68B4447D-2F0C-4D52-AC7C-A96E2229CF58}.Release|Any CPU.ActiveCfg = Release|Any CPU
		{68B4447D-2F0C-4D52-AC7C-A96E2229CF58}.Release|Any CPU.Build.0 = Release|Any CPU
		{D8C00152-A52D-43D3-8725-E4B6151CC5E3}.Debug|Any CPU.ActiveCfg = Debug|Any CPU
		{D8C00152-A52D-43D3-8725-E4B6151CC5E3}.Debug|Any CPU.Build.0 = Debug|Any CPU
		{D8C00152-A52D-43D3-8725-E4B6151CC5E3}.Release|Any CPU.ActiveCfg = Release|Any CPU
		{D8C00152-A52D-43D3-8725-E4B6151CC5E3}.Release|Any CPU.Build.0 = Release|Any CPU
		{144EA8F8-8968-4FC8-86A1-9573862B5894}.Debug|Any CPU.ActiveCfg = Debug|Any CPU
		{144EA8F8-8968-4FC8-86A1-9573862B5894}.Debug|Any CPU.Build.0 = Debug|Any CPU
		{144EA8F8-8968-4FC8-86A1-9573862B5894}.Release|Any CPU.ActiveCfg = Release|Any CPU
		{144EA8F8-8968-4FC8-86A1-9573862B5894}.Release|Any CPU.Build.0 = Release|Any CPU
		{D6ABA9B5-E50C-451B-B917-F5240395057F}.Debug|Any CPU.ActiveCfg = Debug|Any CPU
		{D6ABA9B5-E50C-451B-B917-F5240395057F}.Debug|Any CPU.Build.0 = Debug|Any CPU
		{D6ABA9B5-E50C-451B-B917-F5240395057F}.Release|Any CPU.ActiveCfg = Release|Any CPU
		{D6ABA9B5-E50C-451B-B917-F5240395057F}.Release|Any CPU.Build.0 = Release|Any CPU
		{25621FA9-A5FB-4ADF-8F12-775A865650F0}.Debug|Any CPU.ActiveCfg = Debug|Any CPU
		{25621FA9-A5FB-4ADF-8F12-775A865650F0}.Debug|Any CPU.Build.0 = Debug|Any CPU
		{25621FA9-A5FB-4ADF-8F12-775A865650F0}.Release|Any CPU.ActiveCfg = Release|Any CPU
		{25621FA9-A5FB-4ADF-8F12-775A865650F0}.Release|Any CPU.Build.0 = Release|Any CPU
		{A2C2BF70-31DD-4E8E-846A-80D23058CE28}.Debug|Any CPU.ActiveCfg = Debug|Any CPU
		{A2C2BF70-31DD-4E8E-846A-80D23058CE28}.Debug|Any CPU.Build.0 = Debug|Any CPU
		{A2C2BF70-31DD-4E8E-846A-80D23058CE28}.Release|Any CPU.ActiveCfg = Release|Any CPU
		{A2C2BF70-31DD-4E8E-846A-80D23058CE28}.Release|Any CPU.Build.0 = Release|Any CPU
		{1715A09D-2399-4F42-94AB-DDC6026B68F7}.Debug|Any CPU.ActiveCfg = Debug|Any CPU
		{1715A09D-2399-4F42-94AB-DDC6026B68F7}.Debug|Any CPU.Build.0 = Debug|Any CPU
		{1715A09D-2399-4F42-94AB-DDC6026B68F7}.Release|Any CPU.ActiveCfg = Release|Any CPU
		{1715A09D-2399-4F42-94AB-DDC6026B68F7}.Release|Any CPU.Build.0 = Release|Any CPU
		{BEC940F8-4DC1-4EC1-B017-BC52E465DC3B}.Debug|Any CPU.ActiveCfg = Debug|Any CPU
		{BEC940F8-4DC1-4EC1-B017-BC52E465DC3B}.Debug|Any CPU.Build.0 = Debug|Any CPU
		{BEC940F8-4DC1-4EC1-B017-BC52E465DC3B}.Release|Any CPU.ActiveCfg = Release|Any CPU
		{BEC940F8-4DC1-4EC1-B017-BC52E465DC3B}.Release|Any CPU.Build.0 = Release|Any CPU
		{F2ECD4D7-1627-47B2-AC17-820BF4555BE9}.Debug|Any CPU.ActiveCfg = Debug|Any CPU
		{F2ECD4D7-1627-47B2-AC17-820BF4555BE9}.Debug|Any CPU.Build.0 = Debug|Any CPU
		{F2ECD4D7-1627-47B2-AC17-820BF4555BE9}.Release|Any CPU.ActiveCfg = Release|Any CPU
		{F2ECD4D7-1627-47B2-AC17-820BF4555BE9}.Release|Any CPU.Build.0 = Release|Any CPU
	EndGlobalSection
EndGlobal
